
Microsoft Visual Studio Solution File, Format Version 12.00
# Visual Studio 15
VisualStudioVersion = 15.0.27004.2002
MinimumVisualStudioVersion = 10.0.40219.1
Project("{9A19103F-16F7-4668-BE54-9A1E7A4F7556}") = "BadiNodaTime", "BadiNodaTime\BadiNodaTime.csproj", "{2F10F78A-EEB8-4549-9512-F8E86F4E63C1}"
EndProject
Project("{9A19103F-16F7-4668-BE54-9A1E7A4F7556}") = "BadiNodaTimeTest", "BadiNodaTimeTest\BadiNodaTimeTest.csproj", "{4CFF6F43-C5FA-48C2-BC38-455CE56F69BE}"
EndProject
Project("{9A19103F-16F7-4668-BE54-9A1E7A4F7556}") = "BadiNodaTimeDemo", "BadiNodaTimeDemo\BadiNodaTimeDemo.csproj", "{AA07CC98-6E54-44D9-9447-AD8623E77359}"
EndProject
Project("{E24C65DC-7377-472B-9ABA-BC803B73C61A}") = "docs", "..\docs\", "{824270E9-1A92-4D5B-98B8-C4F9B4BE6D23}"
	ProjectSection(WebsiteProperties) = preProject
		TargetFrameworkMoniker = ".NETFramework,Version%3Dv4.0"
		Debug.AspNetCompiler.VirtualPath = "/localhost_63660"
		Debug.AspNetCompiler.PhysicalPath = "..\docs\"
		Debug.AspNetCompiler.TargetPath = "PrecompiledWeb\localhost_63660\"
		Debug.AspNetCompiler.Updateable = "true"
		Debug.AspNetCompiler.ForceOverwrite = "true"
		Debug.AspNetCompiler.FixedNames = "false"
		Debug.AspNetCompiler.Debug = "True"
		Release.AspNetCompiler.VirtualPath = "/localhost_63660"
		Release.AspNetCompiler.PhysicalPath = "..\docs\"
		Release.AspNetCompiler.TargetPath = "PrecompiledWeb\localhost_63660\"
		Release.AspNetCompiler.Updateable = "true"
		Release.AspNetCompiler.ForceOverwrite = "true"
		Release.AspNetCompiler.FixedNames = "false"
		Release.AspNetCompiler.Debug = "False"
		VWDPort = "63660"
		SlnRelativePath = "..\docs\"
	EndProjectSection
EndProject
Global
	GlobalSection(SolutionConfigurationPlatforms) = preSolution
		Debug|Any CPU = Debug|Any CPU
		Release|Any CPU = Release|Any CPU
	EndGlobalSection
	GlobalSection(ProjectConfigurationPlatforms) = postSolution
		{2F10F78A-EEB8-4549-9512-F8E86F4E63C1}.Debug|Any CPU.ActiveCfg = Debug|Any CPU
		{2F10F78A-EEB8-4549-9512-F8E86F4E63C1}.Debug|Any CPU.Build.0 = Debug|Any CPU
		{2F10F78A-EEB8-4549-9512-F8E86F4E63C1}.Release|Any CPU.ActiveCfg = Release|Any CPU
		{2F10F78A-EEB8-4549-9512-F8E86F4E63C1}.Release|Any CPU.Build.0 = Release|Any CPU
		{4CFF6F43-C5FA-48C2-BC38-455CE56F69BE}.Debug|Any CPU.ActiveCfg = Debug|Any CPU
		{4CFF6F43-C5FA-48C2-BC38-455CE56F69BE}.Debug|Any CPU.Build.0 = Debug|Any CPU
		{4CFF6F43-C5FA-48C2-BC38-455CE56F69BE}.Release|Any CPU.ActiveCfg = Release|Any CPU
		{4CFF6F43-C5FA-48C2-BC38-455CE56F69BE}.Release|Any CPU.Build.0 = Release|Any CPU
		{AA07CC98-6E54-44D9-9447-AD8623E77359}.Debug|Any CPU.ActiveCfg = Debug|Any CPU
		{AA07CC98-6E54-44D9-9447-AD8623E77359}.Debug|Any CPU.Build.0 = Debug|Any CPU
		{AA07CC98-6E54-44D9-9447-AD8623E77359}.Release|Any CPU.ActiveCfg = Release|Any CPU
		{AA07CC98-6E54-44D9-9447-AD8623E77359}.Release|Any CPU.Build.0 = Release|Any CPU
		{824270E9-1A92-4D5B-98B8-C4F9B4BE6D23}.Debug|Any CPU.ActiveCfg = Debug|Any CPU
		{824270E9-1A92-4D5B-98B8-C4F9B4BE6D23}.Debug|Any CPU.Build.0 = Debug|Any CPU
		{824270E9-1A92-4D5B-98B8-C4F9B4BE6D23}.Release|Any CPU.ActiveCfg = Debug|Any CPU
		{824270E9-1A92-4D5B-98B8-C4F9B4BE6D23}.Release|Any CPU.Build.0 = Debug|Any CPU
	EndGlobalSection
	GlobalSection(SolutionProperties) = preSolution
		HideSolutionNode = FALSE
	EndGlobalSection
	GlobalSection(ExtensibilityGlobals) = postSolution
		SolutionGuid = {12AA4950-54CC-41BC-BABA-E898982AC913}
	EndGlobalSection
EndGlobal
